
Microsoft Visual Studio Solution File, Format Version 12.00
# Visual Studio Version 17
VisualStudioVersion = 17.10.35013.160
MinimumVisualStudioVersion = 10.0.40219.1
Project("{FAE04EC0-301F-11D3-BF4B-00C04F79EFBC}") = "ListaApp", "ListaFichaTécnica\ListaApp.csproj", "{46DD8689-2788-4536-A12D-3188A7C1CA79}"
EndProject
Global
	GlobalSection(SolutionConfigurationPlatforms) = preSolution
		Debug|Any CPU = Debug|Any CPU
		Release|Any CPU = Release|Any CPU
	EndGlobalSection
	GlobalSection(ProjectConfigurationPlatforms) = postSolution
		{46DD8689-2788-4536-A12D-3188A7C1CA79}.Debug|Any CPU.ActiveCfg = Debug|Any CPU
		{46DD8689-2788-4536-A12D-3188A7C1CA79}.Debug|Any CPU.Build.0 = Debug|Any CPU
		{46DD8689-2788-4536-A12D-3188A7C1CA79}.Release|Any CPU.ActiveCfg = Release|Any CPU
		{46DD8689-2788-4536-A12D-3188A7C1CA79}.Release|Any CPU.Build.0 = Release|Any CPU
	EndGlobalSection
	GlobalSection(SolutionProperties) = preSolution
		HideSolutionNode = FALSE
	EndGlobalSection
	GlobalSection(ExtensibilityGlobals) = postSolution
		SolutionGuid = {975E4D28-69A8-4EF7-94B3-9AFE48F5198D}
	EndGlobalSection
EndGlobal
